// !$*UTF8*$!
{
	archiveVersion = 1;
	classes = {
	};
	objectVersion = 77;
	objects = {

/* Begin PBXContainerItemProxy section */
		1C9F1F4B2CC7386D0010D199 /* PBXContainerItemProxy */ = {
			isa = PBXContainerItemProxy;
			containerPortal = 1C9F1F302CC7386B0010D199 /* Project object */;
			proxyType = 1;
			remoteGlobalIDString = 1C9F1F372CC7386B0010D199;
			remoteInfo = MVVMToDoListByBootcamp;
		};
		1C9F1F552CC7386D0010D199 /* PBXContainerItemProxy */ = {
			isa = PBXContainerItemProxy;
			containerPortal = 1C9F1F302CC7386B0010D199 /* Project object */;
			proxyType = 1;
			remoteGlobalIDString = 1C9F1F372CC7386B0010D199;
			remoteInfo = MVVMToDoListByBootcamp;
		};
/* End PBXContainerItemProxy section */

/* Begin PBXFileReference section */
		1C9F1F382CC7386B0010D199 /* MVVMToDoListByBootcamp.app */ = {isa = PBXFileReference; explicitFileType = wrapper.application; includeInIndex = 0; path = MVVMToDoListByBootcamp.app; sourceTree = BUILT_PRODUCTS_DIR; };
		1C9F1F4A2CC7386D0010D199 /* MVVMToDoListByBootcampTests.xctest */ = {isa = PBXFileReference; explicitFileType = wrapper.cfbundle; includeInIndex = 0; path = MVVMToDoListByBootcampTests.xctest; sourceTree = BUILT_PRODUCTS_DIR; };
		1C9F1F542CC7386D0010D199 /* MVVMToDoListByBootcampUITests.xctest */ = {isa = PBXFileReference; explicitFileType = wrapper.cfbundle; includeInIndex = 0; path = MVVMToDoListByBootcampUITests.xctest; sourceTree = BUILT_PRODUCTS_DIR; };
/* End PBXFileReference section */

/* Begin PBXFileSystemSynchronizedRootGroup section */
		1C9F1F3A2CC7386B0010D199 /* MVVMToDoListByBootcamp */ = {
			isa = PBXFileSystemSynchronizedRootGroup;
			path = MVVMToDoListByBootcamp;
			sourceTree = "<group>";
		};
		1C9F1F4D2CC7386D0010D199 /* MVVMToDoListByBootcampTests */ = {
			isa = PBXFileSystemSynchronizedRootGroup;
			path = MVVMToDoListByBootcampTests;
			sourceTree = "<group>";
		};
		1C9F1F572CC7386D0010D199 /* MVVMToDoListByBootcampUITests */ = {
			isa = PBXFileSystemSynchronizedRootGroup;
			path = MVVMToDoListByBootcampUITests;
			sourceTree = "<group>";
		};
/* End PBXFileSystemSynchronizedRootGroup section */

/* Begin PBXFrameworksBuildPhase section */
		1C9F1F352CC7386B0010D199 /* Frameworks */ = {
			isa = PBXFrameworksBuildPhase;
			buildActionMask = 2147483647;
			files = (
			);
			runOnlyForDeploymentPostprocessing = 0;
		};
		1C9F1F472CC7386D0010D199 /* Frameworks */ = {
			isa = PBXFrameworksBuildPhase;
			buildActionMask = 2147483647;
			files = (
			);
			runOnlyForDeploymentPostprocessing = 0;
		};
		1C9F1F512CC7386D0010D199 /* Frameworks */ = {
			isa = PBXFrameworksBuildPhase;
			buildActionMask = 2147483647;
			files = (
			);
			runOnlyForDeploymentPostprocessing = 0;
		};
/* End PBXFrameworksBuildPhase section */

/* Begin PBXGroup section */
		1C9F1F2F2CC7386B0010D199 = {
			isa = PBXGroup;
			children = (
				1C9F1F3A2CC7386B0010D199 /* MVVMToDoListByBootcamp */,
				1C9F1F4D2CC7386D0010D199 /* MVVMToDoListByBootcampTests */,
				1C9F1F572CC7386D0010D199 /* MVVMToDoListByBootcampUITests */,
				1C9F1F392CC7386B0010D199 /* Products */,
			);
			sourceTree = "<group>";
		};
		1C9F1F392CC7386B0010D199 /* Products */ = {
			isa = PBXGroup;
			children = (
				1C9F1F382CC7386B0010D199 /* MVVMToDoListByBootcamp.app */,
				1C9F1F4A2CC7386D0010D199 /* MVVMToDoListByBootcampTests.xctest */,
				1C9F1F542CC7386D0010D199 /* MVVMToDoListByBootcampUITests.xctest */,
			);
			name = Products;
			sourceTree = "<group>";
		};
/* End PBXGroup section */

/* Begin PBXNativeTarget section */
		1C9F1F372CC7386B0010D199 /* MVVMToDoListByBootcamp */ = {
			isa = PBXNativeTarget;
			buildConfigurationList = 1C9F1F5E2CC7386D0010D199 /* Build configuration list for PBXNativeTarget "MVVMToDoListByBootcamp" */;
			buildPhases = (
				1C9F1F342CC7386B0010D199 /* Sources */,
				1C9F1F352CC7386B0010D199 /* Frameworks */,
				1C9F1F362CC7386B0010D199 /* Resources */,
			);
			buildRules = (
			);
			dependencies = (
			);
			fileSystemSynchronizedGroups = (
				1C9F1F3A2CC7386B0010D199 /* MVVMToDoListByBootcamp */,
			);
			name = MVVMToDoListByBootcamp;
			packageProductDependencies = (
			);
			productName = MVVMToDoListByBootcamp;
			productReference = 1C9F1F382CC7386B0010D199 /* MVVMToDoListByBootcamp.app */;
			productType = "com.apple.product-type.application";
		};
		1C9F1F492CC7386D0010D199 /* MVVMToDoListByBootcampTests */ = {
			isa = PBXNativeTarget;
			buildConfigurationList = 1C9F1F612CC7386D0010D199 /* Build configuration list for PBXNativeTarget "MVVMToDoListByBootcampTests" */;
			buildPhases = (
				1C9F1F462CC7386D0010D199 /* Sources */,
				1C9F1F472CC7386D0010D199 /* Frameworks */,
				1C9F1F482CC7386D0010D199 /* Resources */,
			);
			buildRules = (
			);
			dependencies = (
				1C9F1F4C2CC7386D0010D199 /* PBXTargetDependency */,
			);
			fileSystemSynchronizedGroups = (
				1C9F1F4D2CC7386D0010D199 /* MVVMToDoListByBootcampTests */,
			);
			name = MVVMToDoListByBootcampTests;
			packageProductDependencies = (
			);
			productName = MVVMToDoListByBootcampTests;
			productReference = 1C9F1F4A2CC7386D0010D199 /* MVVMToDoListByBootcampTests.xctest */;
			productType = "com.apple.product-type.bundle.unit-test";
		};
		1C9F1F532CC7386D0010D199 /* MVVMToDoListByBootcampUITests */ = {
			isa = PBXNativeTarget;
			buildConfigurationList = 1C9F1F642CC7386D0010D199 /* Build configuration list for PBXNativeTarget "MVVMToDoListByBootcampUITests" */;
			buildPhases = (
				1C9F1F502CC7386D0010D199 /* Sources */,
				1C9F1F512CC7386D0010D199 /* Frameworks */,
				1C9F1F522CC7386D0010D199 /* Resources */,
			);
			buildRules = (
			);
			dependencies = (
				1C9F1F562CC7386D0010D199 /* PBXTargetDependency */,
			);
			fileSystemSynchronizedGroups = (
				1C9F1F572CC7386D0010D199 /* MVVMToDoListByBootcampUITests */,
			);
			name = MVVMToDoListByBootcampUITests;
			packageProductDependencies = (
			);
			productName = MVVMToDoListByBootcampUITests;
			productReference = 1C9F1F542CC7386D0010D199 /* MVVMToDoListByBootcampUITests.xctest */;
			productType = "com.apple.product-type.bundle.ui-testing";
		};
/* End PBXNativeTarget section */

/* Begin PBXProject section */
		1C9F1F302CC7386B0010D199 /* Project object */ = {
			isa = PBXProject;
			attributes = {
				BuildIndependentTargetsInParallel = 1;
				LastSwiftUpdateCheck = 1600;
				LastUpgradeCheck = 1600;
				TargetAttributes = {
					1C9F1F372CC7386B0010D199 = {
						CreatedOnToolsVersion = 16.0;
					};
					1C9F1F492CC7386D0010D199 = {
						CreatedOnToolsVersion = 16.0;
						TestTargetID = 1C9F1F372CC7386B0010D199;
					};
					1C9F1F532CC7386D0010D199 = {
						CreatedOnToolsVersion = 16.0;
						TestTargetID = 1C9F1F372CC7386B0010D199;
					};
				};
			};
			buildConfigurationList = 1C9F1F332CC7386B0010D199 /* Build configuration list for PBXProject "MVVMToDoListByBootcamp" */;
			developmentRegion = en;
			hasScannedForEncodings = 0;
			knownRegions = (
				en,
				Base,
			);
			mainGroup = 1C9F1F2F2CC7386B0010D199;
			minimizedProjectReferenceProxies = 1;
			preferredProjectObjectVersion = 77;
			productRefGroup = 1C9F1F392CC7386B0010D199 /* Products */;
			projectDirPath = "";
			projectRoot = "";
			targets = (
				1C9F1F372CC7386B0010D199 /* MVVMToDoListByBootcamp */,
				1C9F1F492CC7386D0010D199 /* MVVMToDoListByBootcampTests */,
				1C9F1F532CC7386D0010D199 /* MVVMToDoListByBootcampUITests */,
			);
		};
/* End PBXProject section */

/* Begin PBXResourcesBuildPhase section */
		1C9F1F362CC7386B0010D199 /* Resources */ = {
			isa = PBXResourcesBuildPhase;
			buildActionMask = 2147483647;
			files = (
			);
			runOnlyForDeploymentPostprocessing = 0;
		};
		1C9F1F482CC7386D0010D199 /* Resources */ = {
			isa = PBXResourcesBuildPhase;
			buildActionMask = 2147483647;
			files = (
			);
			runOnlyForDeploymentPostprocessing = 0;
		};
		1C9F1F522CC7386D0010D199 /* Resources */ = {
			isa = PBXResourcesBuildPhase;
			buildActionMask = 2147483647;
			files = (
			);
			runOnlyForDeploymentPostprocessing = 0;
		};
/* End PBXResourcesBuildPhase section */

/* Begin PBXSourcesBuildPhase section */
		1C9F1F342CC7386B0010D199 /* Sources */ = {
			isa = PBXSourcesBuildPhase;
			buildActionMask = 2147483647;
			files = (
			);
			runOnlyForDeploymentPostprocessing = 0;
		};
		1C9F1F462CC7386D0010D199 /* Sources */ = {
			isa = PBXSourcesBuildPhase;
			buildActionMask = 2147483647;
			files = (
			);
			runOnlyForDeploymentPostprocessing = 0;
		};
		1C9F1F502CC7386D0010D199 /* Sources */ = {
			isa = PBXSourcesBuildPhase;
			buildActionMask = 2147483647;
			files = (
			);
			runOnlyForDeploymentPostprocessing = 0;
		};
/* End PBXSourcesBuildPhase section */

/* Begin PBXTargetDependency section */
		1C9F1F4C2CC7386D0010D199 /* PBXTargetDependency */ = {
			isa = PBXTargetDependency;
			target = 1C9F1F372CC7386B0010D199 /* MVVMToDoListByBootcamp */;
			targetProxy = 1C9F1F4B2CC7386D0010D199 /* PBXContainerItemProxy */;
		};
		1C9F1F562CC7386D0010D199 /* PBXTargetDependency */ = {
			isa = PBXTargetDependency;
			target = 1C9F1F372CC7386B0010D199 /* MVVMToDoListByBootcamp */;
			targetProxy = 1C9F1F552CC7386D0010D199 /* PBXContainerItemProxy */;
		};
/* End PBXTargetDependency section */

/* Begin XCBuildConfiguration section */
		1C9F1F5C2CC7386D0010D199 /* Debug */ = {
			isa = XCBuildConfiguration;
			buildSettings = {
				ALWAYS_SEARCH_USER_PATHS = NO;
				ASSETCATALOG_COMPILER_GENERATE_SWIFT_ASSET_SYMBOL_EXTENSIONS = YES;
				CLANG_ANALYZER_NONNULL = YES;
				CLANG_ANALYZER_NUMBER_OBJECT_CONVERSION = YES_AGGRESSIVE;
				CLANG_CXX_LANGUAGE_STANDARD = "gnu++20";
				CLANG_ENABLE_MODULES = YES;
				CLANG_ENABLE_OBJC_ARC = YES;
				CLANG_ENABLE_OBJC_WEAK = YES;
				CLANG_WARN_BLOCK_CAPTURE_AUTORELEASING = YES;
				CLANG_WARN_BOOL_CONVERSION = YES;
				CLANG_WARN_COMMA = YES;
				CLANG_WARN_CONSTANT_CONVERSION = YES;
				CLANG_WARN_DEPRECATED_OBJC_IMPLEMENTATIONS = YES;
				CLANG_WARN_DIRECT_OBJC_ISA_USAGE = YES_ERROR;
				CLANG_WARN_DOCUMENTATION_COMMENTS = YES;
				CLANG_WARN_EMPTY_BODY = YES;
				CLANG_WARN_ENUM_CONVERSION = YES;
				CLANG_WARN_INFINITE_RECURSION = YES;
				CLANG_WARN_INT_CONVERSION = YES;
				CLANG_WARN_NON_LITERAL_NULL_CONVERSION = YES;
				CLANG_WARN_OBJC_IMPLICIT_RETAIN_SELF = YES;
				CLANG_WARN_OBJC_LITERAL_CONVERSION = YES;
				CLANG_WARN_OBJC_ROOT_CLASS = YES_ERROR;
				CLANG_WARN_QUOTED_INCLUDE_IN_FRAMEWORK_HEADER = YES;
				CLANG_WARN_RANGE_LOOP_ANALYSIS = YES;
				CLANG_WARN_STRICT_PROTOTYPES = YES;
				CLANG_WARN_SUSPICIOUS_MOVE = YES;
				CLANG_WARN_UNGUARDED_AVAILABILITY = YES_AGGRESSIVE;
				CLANG_WARN_UNREACHABLE_CODE = YES;
				CLANG_WARN__DUPLICATE_METHOD_MATCH = YES;
				COPY_PHASE_STRIP = NO;
				DEBUG_INFORMATION_FORMAT = dwarf;
				ENABLE_STRICT_OBJC_MSGSEND = YES;
				ENABLE_TESTABILITY = YES;
				ENABLE_USER_SCRIPT_SANDBOXING = YES;
				GCC_C_LANGUAGE_STANDARD = gnu17;
				GCC_DYNAMIC_NO_PIC = NO;
				GCC_NO_COMMON_BLOCKS = YES;
				GCC_OPTIMIZATION_LEVEL = 0;
				GCC_PREPROCESSOR_DEFINITIONS = (
					"DEBUG=1",
					"$(inherited)",
				);
				GCC_WARN_64_TO_32_BIT_CONVERSION = YES;
				GCC_WARN_ABOUT_RETURN_TYPE = YES_ERROR;
				GCC_WARN_UNDECLARED_SELECTOR = YES;
				GCC_WARN_UNINITIALIZED_AUTOS = YES_AGGRESSIVE;
				GCC_WARN_UNUSED_FUNCTION = YES;
				GCC_WARN_UNUSED_VARIABLE = YES;
				IPHONEOS_DEPLOYMENT_TARGET = 18.0;
				LOCALIZATION_PREFERS_STRING_CATALOGS = YES;
				MTL_ENABLE_DEBUG_INFO = INCLUDE_SOURCE;
				MTL_FAST_MATH = YES;
				ONLY_ACTIVE_ARCH = YES;
				SDKROOT = iphoneos;
				SWIFT_ACTIVE_COMPILATION_CONDITIONS = "DEBUG $(inherited)";
				SWIFT_OPTIMIZATION_LEVEL = "-Onone";
			};
			name = Debug;
		};
		1C9F1F5D2CC7386D0010D199 /* Release */ = {
			isa = XCBuildConfiguration;
			buildSettings = {
				ALWAYS_SEARCH_USER_PATHS = NO;
				ASSETCATALOG_COMPILER_GENERATE_SWIFT_ASSET_SYMBOL_EXTENSIONS = YES;
				CLANG_ANALYZER_NONNULL = YES;
				CLANG_ANALYZER_NUMBER_OBJECT_CONVERSION = YES_AGGRESSIVE;
				CLANG_CXX_LANGUAGE_STANDARD = "gnu++20";
				CLANG_ENABLE_MODULES = YES;
				CLANG_ENABLE_OBJC_ARC = YES;
				CLANG_ENABLE_OBJC_WEAK = YES;
				CLANG_WARN_BLOCK_CAPTURE_AUTORELEASING = YES;
				CLANG_WARN_BOOL_CONVERSION = YES;
				CLANG_WARN_COMMA = YES;
				CLANG_WARN_CONSTANT_CONVERSION = YES;
				CLANG_WARN_DEPRECATED_OBJC_IMPLEMENTATIONS = YES;
				CLANG_WARN_DIRECT_OBJC_ISA_USAGE = YES_ERROR;
				CLANG_WARN_DOCUMENTATION_COMMENTS = YES;
				CLANG_WARN_EMPTY_BODY = YES;
				CLANG_WARN_ENUM_CONVERSION = YES;
				CLANG_WARN_INFINITE_RECURSION = YES;
				CLANG_WARN_INT_CONVERSION = YES;
				CLANG_WARN_NON_LITERAL_NULL_CONVERSION = YES;
				CLANG_WARN_OBJC_IMPLICIT_RETAIN_SELF = YES;
				CLANG_WARN_OBJC_LITERAL_CONVERSION = YES;
				CLANG_WARN_OBJC_ROOT_CLASS = YES_ERROR;
				CLANG_WARN_QUOTED_INCLUDE_IN_FRAMEWORK_HEADER = YES;
				CLANG_WARN_RANGE_LOOP_ANALYSIS = YES;
				CLANG_WARN_STRICT_PROTOTYPES = YES;
				CLANG_WARN_SUSPICIOUS_MOVE = YES;
				CLANG_WARN_UNGUARDED_AVAILABILITY = YES_AGGRESSIVE;
				CLANG_WARN_UNREACHABLE_CODE = YES;
				CLANG_WARN__DUPLICATE_METHOD_MATCH = YES;
				COPY_PHASE_STRIP = NO;
				DEBUG_INFORMATION_FORMAT = "dwarf-with-dsym";
				ENABLE_NS_ASSERTIONS = NO;
				ENABLE_STRICT_OBJC_MSGSEND = YES;
				ENABLE_USER_SCRIPT_SANDBOXING = YES;
				GCC_C_LANGUAGE_STANDARD = gnu17;
				GCC_NO_COMMON_BLOCKS = YES;
				GCC_WARN_64_TO_32_BIT_CONVERSION = YES;
				GCC_WARN_ABOUT_RETURN_TYPE = YES_ERROR;
				GCC_WARN_UNDECLARED_SELECTOR = YES;
				GCC_WARN_UNINITIALIZED_AUTOS = YES_AGGRESSIVE;
				GCC_WARN_UNUSED_FUNCTION = YES;
				GCC_WARN_UNUSED_VARIABLE = YES;
				IPHONEOS_DEPLOYMENT_TARGET = 18.0;
				LOCALIZATION_PREFERS_STRING_CATALOGS = YES;
				MTL_ENABLE_DEBUG_INFO = NO;
				MTL_FAST_MATH = YES;
				SDKROOT = iphoneos;
				SWIFT_COMPILATION_MODE = wholemodule;
				VALIDATE_PRODUCT = YES;
			};
			name = Release;
		};
		1C9F1F5F2CC7386D0010D199 /* Debug */ = {
			isa = XCBuildConfiguration;
			buildSettings = {
				ASSETCATALOG_COMPILER_APPICON_NAME = AppIcon;
				ASSETCATALOG_COMPILER_GLOBAL_ACCENT_COLOR_NAME = AccentColor;
				CODE_SIGN_STYLE = Automatic;
				CURRENT_PROJECT_VERSION = 1;
				DEVELOPMENT_ASSET_PATHS = "\"MVVMToDoListByBootcamp/Preview Content\"";
				DEVELOPMENT_TEAM = Q598NGCV6L;
				ENABLE_PREVIEWS = YES;
				GENERATE_INFOPLIST_FILE = YES;
				INFOPLIST_KEY_UIApplicationSceneManifest_Generation = YES;
				INFOPLIST_KEY_UIApplicationSupportsIndirectInputEvents = YES;
				INFOPLIST_KEY_UILaunchScreen_Generation = YES;
				INFOPLIST_KEY_UISupportedInterfaceOrientations_iPad = "UIInterfaceOrientationPortrait UIInterfaceOrientationPortraitUpsideDown UIInterfaceOrientationLandscapeLeft UIInterfaceOrientationLandscapeRight";
				INFOPLIST_KEY_UISupportedInterfaceOrientations_iPhone = "UIInterfaceOrientationPortrait UIInterfaceOrientationLandscapeLeft UIInterfaceOrientationLandscapeRight";
				LD_RUNPATH_SEARCH_PATHS = (
					"$(inherited)",
					"@executable_path/Frameworks",
				);
				MARKETING_VERSION = 1.0;
				PRODUCT_BUNDLE_IDENTIFIER = com.pracharath.merchant.LanguageSrcBundle.MVVMToDoListByBootcamp;
				PRODUCT_NAME = "$(TARGET_NAME)";
				SWIFT_EMIT_LOC_STRINGS = YES;
				SWIFT_VERSION = 5.0;
				TARGETED_DEVICE_FAMILY = "1,2";
			};
			name = Debug;
		};
		1C9F1F602CC7386D0010D199 /* Release */ = {
			isa = XCBuildConfiguration;
			buildSettings = {
				ASSETCATALOG_COMPILER_APPICON_NAME = AppIcon;
				ASSETCATALOG_COMPILER_GLOBAL_ACCENT_COLOR_NAME = AccentColor;
				CODE_SIGN_STYLE = Automatic;
				CURRENT_PROJECT_VERSION = 1;
				DEVELOPMENT_ASSET_PATHS = "\"MVVMToDoListByBootcamp/Preview Content\"";
				DEVELOPMENT_TEAM = Q598NGCV6L;
				ENABLE_PREVIEWS = YES;
				GENERATE_INFOPLIST_FILE = YES;
				INFOPLIST_KEY_UIApplicationSceneManifest_Generation = YES;
				INFOPLIST_KEY_UIApplicationSupportsIndirectInputEvents = YES;
				INFOPLIST_KEY_UILaunchScreen_Generation = YES;
				INFOPLIST_KEY_UISupportedInterfaceOrientations_iPad = "UIInterfaceOrientationPortrait UIInterfaceOrientationPortraitUpsideDown UIInterfaceOrientationLandscapeLeft UIInterfaceOrientationLandscapeRight";
				INFOPLIST_KEY_UISupportedInterfaceOrientations_iPhone = "UIInterfaceOrientationPortrait UIInterfaceOrientationLandscapeLeft UIInterfaceOrientationLandscapeRight";
				LD_RUNPATH_SEARCH_PATHS = (
					"$(inherited)",
					"@executable_path/Frameworks",
				);
				MARKETING_VERSION = 1.0;
				PRODUCT_BUNDLE_IDENTIFIER = com.pracharath.merchant.LanguageSrcBundle.MVVMToDoListByBootcamp;
				PRODUCT_NAME = "$(TARGET_NAME)";
				SWIFT_EMIT_LOC_STRINGS = YES;
				SWIFT_VERSION = 5.0;
				TARGETED_DEVICE_FAMILY = "1,2";
			};
			name = Release;
		};
		1C9F1F622CC7386D0010D199 /* Debug */ = {
			isa = XCBuildConfiguration;
			buildSettings = {
				BUNDLE_LOADER = "$(TEST_HOST)";
				CODE_SIGN_STYLE = Automatic;
				CURRENT_PROJECT_VERSION = 1;
				DEVELOPMENT_TEAM = Q598NGCV6L;
				GENERATE_INFOPLIST_FILE = YES;
				IPHONEOS_DEPLOYMENT_TARGET = 18.0;
				MARKETING_VERSION = 1.0;
				PRODUCT_BUNDLE_IDENTIFIER = com.pracharath.merchant.LanguageSrcBundle.MVVMToDoListByBootcampTests;
				PRODUCT_NAME = "$(TARGET_NAME)";
				SWIFT_EMIT_LOC_STRINGS = NO;
				SWIFT_VERSION = 5.0;
				TARGETED_DEVICE_FAMILY = "1,2";
				TEST_HOST = "$(BUILT_PRODUCTS_DIR)/MVVMToDoListByBootcamp.app/$(BUNDLE_EXECUTABLE_FOLDER_PATH)/MVVMToDoListByBootcamp";
			};
			name = Debug;
		};
		1C9F1F632CC7386D0010D199 /* Release */ = {
			isa = XCBuildConfiguration;
			buildSettings = {
				BUNDLE_LOADER = "$(TEST_HOST)";
				CODE_SIGN_STYLE = Automatic;
				CURRENT_PROJECT_VERSION = 1;
				DEVELOPMENT_TEAM = Q598NGCV6L;
				GENERATE_INFOPLIST_FILE = YES;
				IPHONEOS_DEPLOYMENT_TARGET = 18.0;
				MARKETING_VERSION = 1.0;
				PRODUCT_BUNDLE_IDENTIFIER = com.pracharath.merchant.LanguageSrcBundle.MVVMToDoListByBootcampTests;
				PRODUCT_NAME = "$(TARGET_NAME)";
				SWIFT_EMIT_LOC_STRINGS = NO;
				SWIFT_VERSION = 5.0;
				TARGETED_DEVICE_FAMILY = "1,2";
				TEST_HOST = "$(BUILT_PRODUCTS_DIR)/MVVMToDoListByBootcamp.app/$(BUNDLE_EXECUTABLE_FOLDER_PATH)/MVVMToDoListByBootcamp";
			};
			name = Release;
		};
		1C9F1F652CC7386D0010D199 /* Debug */ = {
			isa = XCBuildConfiguration;
			buildSettings = {
				CODE_SIGN_STYLE = Automatic;
				CURRENT_PROJECT_VERSION = 1;
				DEVELOPMENT_TEAM = Q598NGCV6L;
				GENERATE_INFOPLIST_FILE = YES;
				MARKETING_VERSION = 1.0;
				PRODUCT_BUNDLE_IDENTIFIER = com.pracharath.merchant.LanguageSrcBundle.MVVMToDoListByBootcampUITests;
				PRODUCT_NAME = "$(TARGET_NAME)";
				SWIFT_EMIT_LOC_STRINGS = NO;
				SWIFT_VERSION = 5.0;
				TARGETED_DEVICE_FAMILY = "1,2";
				TEST_TARGET_NAME = MVVMToDoListByBootcamp;
			};
			name = Debug;
		};
		1C9F1F662CC7386D0010D199 /* Release */ = {
			isa = XCBuildConfiguration;
			buildSettings = {
				CODE_SIGN_STYLE = Automatic;
				CURRENT_PROJECT_VERSION = 1;
				DEVELOPMENT_TEAM = Q598NGCV6L;
				GENERATE_INFOPLIST_FILE = YES;
				MARKETING_VERSION = 1.0;
				PRODUCT_BUNDLE_IDENTIFIER = com.pracharath.merchant.LanguageSrcBundle.MVVMToDoListByBootcampUITests;
				PRODUCT_NAME = "$(TARGET_NAME)";
				SWIFT_EMIT_LOC_STRINGS = NO;
				SWIFT_VERSION = 5.0;
				TARGETED_DEVICE_FAMILY = "1,2";
				TEST_TARGET_NAME = MVVMToDoListByBootcamp;
			};
			name = Release;
		};
/* End XCBuildConfiguration section */

/* Begin XCConfigurationList section */
		1C9F1F332CC7386B0010D199 /* Build configuration list for PBXProject "MVVMToDoListByBootcamp" */ = {
			isa = XCConfigurationList;
			buildConfigurations = (
				1C9F1F5C2CC7386D0010D199 /* Debug */,
				1C9F1F5D2CC7386D0010D199 /* Release */,
			);
			defaultConfigurationIsVisible = 0;
			defaultConfigurationName = Release;
		};
		1C9F1F5E2CC7386D0010D199 /* Build configuration list for PBXNativeTarget "MVVMToDoListByBootcamp" */ = {
			isa = XCConfigurationList;
			buildConfigurations = (
				1C9F1F5F2CC7386D0010D199 /* Debug */,
				1C9F1F602CC7386D0010D199 /* Release */,
			);
			defaultConfigurationIsVisible = 0;
			defaultConfigurationName = Release;
		};
		1C9F1F612CC7386D0010D199 /* Build configuration list for PBXNativeTarget "MVVMToDoListByBootcampTests" */ = {
			isa = XCConfigurationList;
			buildConfigurations = (
				1C9F1F622CC7386D0010D199 /* Debug */,
				1C9F1F632CC7386D0010D199 /* Release */,
			);
			defaultConfigurationIsVisible = 0;
			defaultConfigurationName = Release;
		};
		1C9F1F642CC7386D0010D199 /* Build configuration list for PBXNativeTarget "MVVMToDoListByBootcampUITests" */ = {
			isa = XCConfigurationList;
			buildConfigurations = (
				1C9F1F652CC7386D0010D199 /* Debug */,
				1C9F1F662CC7386D0010D199 /* Release */,
			);
			defaultConfigurationIsVisible = 0;
			defaultConfigurationName = Release;
		};
/* End XCConfigurationList section */
	};
	rootObject = 1C9F1F302CC7386B0010D199 /* Project object */;
}
